<?xml version="1.0" encoding="UTF-8" standalone="yes" ?>
<CodeBlocks_project_file>
	<FileVersion major="1" minor="6" />
	<Project>
		<Option title="ZBE_main" />
		<Option pch_mode="2" />
		<Option compiler="mingw_64-bit_compiler" />
		<Build>
			<Target title="Debug-Win64">
				<Option output="../../../bin/Debug/ZBE_main" prefix_auto="1" extension_auto="1" />
				<Option working_dir="../../../../ZBE" />
				<Option object_output="obj/Debug/" />
				<Option type="1" />
				<Option compiler="mingw_64-bit_compiler" />
				<Compiler>
					<Add option="-std=c++11" />
					<Add option="-g" />
					<Add option="-m64" />
					<Add directory="../../../src/ZBE_main/include" />
					<Add directory="../../../include" />
					<Add directory="../../../extlibs/utf8cpp/source" />
					<Add directory="../../../extlibs/boost_1_57_0" />
					<Add directory="../../../extlibs/IteratorTypeErasure/IteratorTypeErasure/any_iterator" />
					<Add directory="../../../extlibs/SDL2/2.0.3/x86_64-w64-mingw32/include" />
					<Add directory="../../../extlibs/SDL2_image/2.0.0/x86_64-w64-mingw32/include" />
				</Compiler>
				<Linker>
					<Add library="ZBE_x64d" />
					<Add library="SDL2main" />
					<Add library="SDL2" />
					<Add library="SDL2_image" />
					<Add directory="../../../lib" />
					<Add directory="../../../extlibs/SDL2/2.0.3/x86_64-w64-mingw32/lib" />
					<Add directory="../../../extlibs/SDL2_image/2.0.0/x86_64-w64-mingw32/lib" />
				</Linker>
			</Target>
			<Target title="Release-Win64">
				<Option output="../../../bin/Release/ZBE_main" prefix_auto="1" extension_auto="1" />
				<Option working_dir="../../../../ZBE" />
				<Option object_output="obj/Release/" />
				<Option type="1" />
				<Option compiler="mingw_64-bit_compiler" />
				<Compiler>
					<Add option="-O2" />
					<Add option="-std=c++11" />
					<Add option="-m64" />
					<Add directory="../../../src/ZBE_main/include" />
					<Add directory="../../../include" />
					<Add directory="../../../extlibs/boost_1_57_0" />
					<Add directory="../../../extlibs/IteratorTypeErasure/IteratorTypeErasure/any_iterator" />
					<Add directory="../../../extlibs/SDL2/2.0.3/x86_64-w64-mingw32/include" />
					<Add directory="../../../extlibs/SDL2_image/2.0.0/x86_64-w64-mingw32/include" />
				</Compiler>
				<Linker>
					<Add option="-s" />
					<Add library="ZBE_x64" />
					<Add library="SDL2main" />
					<Add library="SDL2" />
					<Add library="SDL2_image" />
					<Add directory="../../../lib" />
					<Add directory="../../../extlibs/SDL2/2.0.3/x86_64-w64-mingw32/lib" />
					<Add directory="../../../extlibs/SDL2_image/2.0.0/x86_64-w64-mingw32/lib" />
				</Linker>
			</Target>
			<Target title="Debug-Linux64">
				<Option output="../../../bin/Debug/ZBE_main" prefix_auto="1" extension_auto="1" />
				<Option working_dir="../../../../ZBE" />
				<Option object_output="obj/Debug/" />
				<Option type="1" />
				<Option compiler="gcc" />
				<Compiler>
					<Add option="-std=c++11" />
					<Add option="-g" />
					<Add option="-m64" />
					<Add directory="../../../src/ZBE_main/include" />
					<Add directory="../../../include" />
					<Add directory="../../../extlibs/utf8cpp/source" />
					<Add directory="../../../extlibs/boost_1_57_0" />
					<Add directory="../../../extlibs/IteratorTypeErasure/IteratorTypeErasure/any_iterator" />
					<Add directory="../../../extlibs/SDL2/2.0.3/include" />
				</Compiler>
				<Linker>
					<Add library="ZBE_x64d" />
					<Add directory="../../../lib" />
					<Add directory="../../../extlibs/SDL2/2.0.3/lib/linux64" />
				</Linker>
			</Target>
			<Target title="Release-Linux64">
				<Option output="../../../bin/Release/ZBE_main" prefix_auto="1" extension_auto="1" />
				<Option working_dir="../../../../ZBE" />
				<Option object_output="obj/Release/" />
				<Option type="1" />
				<Option compiler="gcc" />
				<Compiler>
					<Add option="-O2" />
					<Add option="-std=c++11" />
					<Add option="-m64" />
					<Add directory="../../../src/ZBE_main/include" />
					<Add directory="../../../include" />
					<Add directory="../../../extlibs/boost_1_57_0" />
					<Add directory="../../../extlibs/IteratorTypeErasure/IteratorTypeErasure/any_iterator" />
					<Add directory="../../../extlibs/SDL2/2.0.3/include" />
				</Compiler>
				<Linker>
					<Add option="-s" />
					<Add library="ZBE_x64" />
					<Add directory="../../../lib" />
					<Add directory="../../../extlibs/SDL2/2.0.3/lib/linux64" />
				</Linker>
			</Target>
		</Build>
		<Compiler>
			<Add option="-Wall" />
			<Add option="-fexceptions" />
		</Compiler>
		<Unit filename="../../../src/ZBE_main/include/batismain.h" />
		<Unit filename="../../../src/ZBE_main/include/degryllmain.h" />
		<Unit filename="../../../src/ZBE_main/include/ludomain.h" />
		<Unit filename="../../../src/ZBE_main/src/batismain.cpp" />
		<Unit filename="../../../src/ZBE_main/src/degryllmain.cpp" />
		<Unit filename="../../../src/ZBE_main/src/ludomain.cpp" />
		<Unit filename="../../../src/ZBE_main/src/main.cpp" />
		<Extensions>
			<code_completion />
			<envvars />
			<debugger />
			<lib_finder disable_auto="1" />
		</Extensions>
	</Project>
</CodeBlocks_project_file>
