<?xml version="1.0" encoding="UTF-8" standalone="yes" ?>
<CodeBlocks_project_file>
	<FileVersion major="1" minor="6" />
	<Project>
		<Option title="ZBE" />
		<Option pch_mode="2" />
		<Option compiler="gcc" />
		<Build>
			<Target title="Debug-Linux64">
				<Option output="../../../lib/ZBE_x64d" imp_lib="../../../bin/Debug/libZBE_x64d.a" def_file="$(TARGET_OUTPUT_DIR)$(TARGET_OUTPUT_BASENAME).def" prefix_auto="1" extension_auto="1" />
				<Option working_dir="../../../../ZBE" />
				<Option object_output="obj/Debug/" />
				<Option type="3" />
				<Option compiler="gcc" />
				<Compiler>
					<Add option="-Wcast-align" />
					<Add option="-Wfloat-equal" />
					<Add option="-Wunreachable-code" />
					<Add option="-Wswitch-enum" />
					<Add option="-Weffc++" />
					<Add option="-Wmain" />
					<Add option="-pedantic" />
					<Add option="-Wextra" />
					<Add option="-Wall" />
					<Add option="-fPIC" />
					<Add option="-m64" />
					<Add option="-g" />
					<Add option="-isystem ../../../extlibs/json" />
					<Add option="-isystem ../../../extlibs/glm/0.9.9.0" />
					<Add option="-std=c++17" />
					<Add directory="../../../include" />
					<Add directory="../../../extlibs/SDL2/2.0.8/linux64/lib" />
					<Add directory="../../../extlibs/SDL2_image/2.0.0/x86_64-linux-gcc/include" />
					<Add directory="../../../extlibs/SDL2_ttf/2.0.12/x86_64-linux-gcc/include" />
					<Add directory="../../../src" />
					<Add directory="include/ZBE/core/io" />
					<Add directory="../../../extlibs/utf8cpp/source" />
					<Add directory="../../../extlibs/boost_1_57_0" />
					<Add directory="../../../extlibs/IteratorTypeErasure/IteratorTypeErasure/any_iterator" />
					<Add directory="include/ZBE/core/daemons" />
					<Add directory="include/ZBE/core/behaviors" />
					<Add directory="include/ZBE/core/io/SDL" />
					<Add directory="include/ZBE/core/system/SDL" />
					<Add directory="include/ZBE/events/handlers/input" />
					<Add directory="../../../extlibs/json" />
					<Add directory="../../../extlibs/GLEW/2.1.0/include" />
					<Add directory="../../../extlibs/lodePNG" />
					<Add directory="../../../extlibs/glm/0.9.9.0" />
					<Add directory="../../../extlibs/stb_vorbis" />
					<Add directory="../../../extlibs/SDL2_net/2.0.1/include" />
					<Add directory="../../../extlibs/SDL2/2.0.8/include/SDL2" />
				</Compiler>
				<Linker>
					<Add option="-m64" />
					<Add library="SDL2main" />
					<Add library="SDL2" />
					<Add library="SDL2_image" />
					<Add library="SDL2_ttf" />
					<Add library="SDL2_net" />
					<Add library="pthread" />
					<Add library="GL" />
					<Add library="GLEW" />
					<Add library="stdc++fs" />
					<Add directory="../../../extlibs/SDL2/2.0.8/linux64/lib" />
					<Add directory="../../../extlibs/SDL2_image/2.0.0/x86_64-linux-gcc/lib" />
					<Add directory="../../../extlibs/SDL2_ttf/2.0.12/x86_64-linux-gcc/lib" />
					<Add directory="../../../extlibs/GLEW/2.1.0/linux/lib" />
					<Add directory="../../../extlibs/SDL2_net/2.0.1/linux/lib" />
				</Linker>
			</Target>
			<Target title="Release-Linux64">
				<Option output="../../../lib/ZBE_x64" imp_lib="../../../lib/libZBE_x64.a" def_file="$(TARGET_OUTPUT_DIR)$(TARGET_OUTPUT_BASENAME).def" prefix_auto="1" extension_auto="1" />
				<Option working_dir="../../../../ZBE" />
				<Option object_output="obj/Release/" />
				<Option type="3" />
				<Option compiler="gcc" />
				<Compiler>
					<Add option="-O2" />
					<Add option="-fPIC" />
					<Add option="-m64" />
					<Add option="-isystem ../../../extlibs/json" />
					<Add option="-isystem ../../../extlibs/glm/0.9.9.0" />
					<Add option="-std=c++17" />
					<Add option="`sdl-config --cflags --libs`" />
					<Add directory="../../../include" />
					<Add directory="../../../extlibs/SDL2/2.0.8/include" />
					<Add directory="../../../extlibs/SDL2_image/2.0.0/x86_64-linux-gcc/include" />
					<Add directory="../../../extlibs/SDL2_ttf/2.0.12/x86_64-linux-gcc/include" />
					<Add directory="../../../src" />
					<Add directory="include/ZBE/core/io" />
					<Add directory="../../../extlibs/utf8cpp/source" />
					<Add directory="../../../extlibs/boost_1_57_0" />
					<Add directory="../../../extlibs/IteratorTypeErasure/IteratorTypeErasure/any_iterator" />
					<Add directory="include/ZBE/core/daemons" />
					<Add directory="include/ZBE/core/behaviors" />
					<Add directory="include/ZBE/core/io/SDL" />
					<Add directory="include/ZBE/core/system/SDL" />
					<Add directory="include/ZBE/events/handlers/input" />
					<Add directory="../../../extlibs/json" />
					<Add directory="../../../extlibs/GLEW/2.1.0/include" />
					<Add directory="../../../extlibs/lodePNG" />
					<Add directory="../../../extlibs/glm/0.9.9.0" />
					<Add directory="../../../extlibs/stb_vorbis" />
					<Add directory="../../../extlibs/SDL2_net/2.0.1/include" />
					<Add directory="../../../extlibs/SDL2/2.0.8/include/SDL2" />
				</Compiler>
				<Linker>
					<Add option="-s" />
					<Add option="-m64" />
					<Add library="SDL2main" />
					<Add library="SDL2" />
					<Add library="SDL2_image" />
					<Add library="SDL2_ttf" />
					<Add library="SDL2_net" />
					<Add library="pthread" />
					<Add library="GL" />
					<Add library="GLEW" />
					<Add library="stdc++fs" />
					<Add directory="../../../extlibs/SDL2/2.0.8/linux64/lib" />
					<Add directory="../../../extlibs/SDL2_image/2.0.0/x86_64-linux-gcc/lib" />
					<Add directory="../../../extlibs/SDL2_ttf/2.0.12/x86_64-linux-gcc/lib" />
					<Add directory="../../../extlibs/GLEW/2.1.0/linux/lib" />
					<Add directory="../../../extlibs/SDL2_net/2.0.1/linux/lib" />
				</Linker>
			</Target>
			<Target title="Debug-Win64">
				<Option output="../../../bin/Debug/libZBE_x64d" imp_lib="../../../lib/libZBE_x64d.a" def_file="$(TARGET_OUTPUT_DIR)$(TARGET_OUTPUT_BASENAME).def" prefix_auto="1" extension_auto="1" />
				<Option working_dir="../../../../ZBE" />
				<Option object_output="obj/Debug/" />
				<Option type="3" />
				<Option compiler="mingw_64-bit_compiler-810" />
				<Option createStaticLib="1" />
				<Compiler>
					<Add option="-Weffc++" />
					<Add option="-pedantic" />
					<Add option="-Wextra" />
					<Add option="-Wall" />
					<Add option="-m64" />
					<Add option="-g" />
					<Add option="-static-libstdc++ -D_GLIBCXX_USE_CXX11_ABI=0" />
					<Add option="-isystem ../../../extlibs/json" />
					<Add option="-isystem ../../../extlibs/glm/0.9.9.0" />
					<Add option="-std=c++17" />
					<Add directory="../../../include" />
					<Add directory="../../../src" />
					<Add directory="include/ZBE/core/io" />
					<Add directory="../../../extlibs/SDL2/2.0.8/include" />
					<Add directory="../../../extlibs/SDL2/2.0.8/include/SDL2" />
					<Add directory="../../../extlibs/SDL2_image/2.0.1/x86_64-w64-mingw32/include" />
					<Add directory="../../../extlibs/SDL2_ttf/2.0.14/x86_64-w64-mingw32/include" />
					<Add directory="../../../extlibs/SDL2_net/2.0.1/include" />
					<Add directory="../../../extlibs/utf8cpp/source" />
					<Add directory="../../../extlibs/boost_1_57_0" />
					<Add directory="../../../extlibs/IteratorTypeErasure/IteratorTypeErasure/any_iterator" />
					<Add directory="include/ZBE/core/daemons" />
					<Add directory="include/ZBE/core/behaviors" />
					<Add directory="include/ZBE/core/io/SDL" />
					<Add directory="include/ZBE/core/system/SDL" />
					<Add directory="include/ZBE/events/handlers/input" />
					<Add directory="../../../extlibs/json" />
					<Add directory="../../../extlibs/lodePNG" />
					<Add directory="../../../extlibs/GLEW/2.1.0/include" />
				</Compiler>
				<Linker>
					<Add option="-m64" />
					<Add library="mingw32" />
					<Add library="SDL2main" />
					<Add library="SDL2" />
					<Add library="SDL2_image" />
					<Add library="SDL2_ttf" />
					<Add library="SDL2_net" />
					<Add library="glew32" />
					<Add library="openGL32" />
					<Add directory="../../../extlibs/SDL2/2.0.8/x86_64-w64-mingw32/lib" />
					<Add directory="../../../extlibs/SDL2_image/2.0.1/x86_64-w64-mingw32/lib" />
					<Add directory="../../../extlibs/SDL2_ttf/2.0.14/x86_64-w64-mingw32/lib" />
					<Add directory="../../../extlibs/SDL2_net/2.0.1/x86_64-w64-mingw32/lib" />
					<Add directory="../../../extlibs/GLEW/2.1.0/windows/lib/release/x64" />
				</Linker>
			</Target>
			<Target title="Release-Win64">
				<Option output="../../../bin/Release/libZBE_x64" imp_lib="../../../lib/libZBE_x64.a" def_file="$(TARGET_OUTPUT_DIR)$(TARGET_OUTPUT_BASENAME).def" prefix_auto="1" extension_auto="1" />
				<Option working_dir="../../../../ZBE" />
				<Option object_output="obj/Release/" />
				<Option type="3" />
				<Option compiler="mingw_64-bit_compiler-810" />
				<Option createStaticLib="1" />
				<Compiler>
					<Add option="-O2" />
					<Add option="-std=c++11" />
					<Add option="-m64" />
					<Add option="-isystem ../../../extlibs/json" />
					<Add option="-isystem ../../../extlibs/glm/0.9.9.0" />
					<Add option="-std=c++17" />
					<Add option="-D_GLIBCXX_USE_CXX11_ABI=0" />
					<Add directory="../../../include" />
					<Add directory="../../../src" />
					<Add directory="include/ZBE/core/io" />
					<Add directory="../../../extlibs/SDL2/2.0.8/include" />
					<Add directory="../../../extlibs/SDL2/2.0.8/include/SDL2" />
					<Add directory="../../../extlibs/SDL2_image/2.0.1/x86_64-w64-mingw32/include" />
					<Add directory="../../../extlibs/SDL2_ttf/2.0.14/x86_64-w64-mingw32/include" />
					<Add directory="../../../extlibs/SDL2_net/2.0.1/include" />
					<Add directory="../../../extlibs/utf8cpp/source" />
					<Add directory="../../../extlibs/boost_1_57_0" />
					<Add directory="../../../extlibs/IteratorTypeErasure/IteratorTypeErasure/any_iterator" />
					<Add directory="include/ZBE/core/daemons" />
					<Add directory="include/ZBE/core/behaviors" />
					<Add directory="include/ZBE/core/io/SDL" />
					<Add directory="include/ZBE/core/system/SDL" />
					<Add directory="include/ZBE/events/handlers/input" />
					<Add directory="../../../extlibs/json" />
					<Add directory="../../../extlibs/GLEW/2.1.0/include" />
					<Add directory="../../../extlibs/lodePNG" />
				</Compiler>
				<Linker>
					<Add option="-s" />
					<Add option="-m64" />
					<Add library="mingw32" />
					<Add library="SDL2main" />
					<Add library="SDL2" />
					<Add library="SDL2_image" />
					<Add library="SDL2_ttf" />
					<Add library="SDL2_net" />
					<Add library="glew32" />
					<Add library="openGL32" />
					<Add directory="../../../extlibs/SDL2/2.0.8/x86_64-w64-mingw32/lib" />
					<Add directory="../../../extlibs/SDL2_image/2.0.1/x86_64-w64-mingw32/lib" />
					<Add directory="../../../extlibs/SDL2_ttf/2.0.14/x86_64-w64-mingw32/lib" />
					<Add directory="../../../extlibs/SDL2_net/2.0.1/x86_64-w64-mingw32/lib" />
					<Add directory="../../../extlibs/GLEW/2.1.0/windows/lib/release/x64" />
				</Linker>
			</Target>
		</Build>
		<Compiler>
			<Add option="-Wall" />
			<Add option="-fexceptions" />
		</Compiler>
		<Unit filename="../../../extlibs/lodePNG/lodepng.cpp" />
		<Unit filename="../../../include/ZBE/JSON/graphics/JSONGraphicsLoaders.h" />
		<Unit filename="../../../include/ZBE/JSON/resources/JSONImgDefLoader.h" />
		<Unit filename="../../../include/ZBE/JSON/resources/JSONMultiSpriteSheetLoader.h" />
		<Unit filename="../../../include/ZBE/OGL/daemons/OGLModelSheetPosDrawer.h" />
		<Unit filename="../../../include/ZBE/OGL/daemons/OGLModelSheetPreDrawer.h" />
		<Unit filename="../../../include/ZBE/OGL/drawers/OGLModelSheetDrawer.h" />
		<Unit filename="../../../include/ZBE/OGL/graphics/OGLModel.h" />
		<Unit filename="../../../include/ZBE/OGL/graphics/OGLModelSheet.h" />
		<Unit filename="../../../include/ZBE/OGL/graphics/implementations/SingleModelOGLModelSheet.h" />
		<Unit filename="../../../include/ZBE/SDL/OGL/SDLOGLWindow.h" />
		<Unit filename="../../../include/ZBE/SDL/daemons/BasicPostLoopSDLDaemon.h" />
		<Unit filename="../../../include/ZBE/SDL/daemons/BasicPreLoopSDLDaemon.h" />
		<Unit filename="../../../include/ZBE/SDL/drawers/RotatedSpriteSDLDrawer.h" />
		<Unit filename="../../../include/ZBE/SDL/drawers/SingleSpriteSDLDrawer.h" />
		<Unit filename="../../../include/ZBE/SDL/drawers/SingleTextSDLDrawer.h" />
		<Unit filename="../../../include/ZBE/SDL/drawers/SpriteSheetSDLDrawer.h" />
		<Unit filename="../../../include/ZBE/SDL/drawers/StatedSpriteSDLDrawer.h" />
		<Unit filename="../../../include/ZBE/SDL/resources/SDLImgLoader.h" />
		<Unit filename="../../../include/ZBE/SDL/starters/SDL_Starter.h" />
		<Unit filename="../../../include/ZBE/SDL/system/SDLEventDispatcher.h" />
		<Unit filename="../../../include/ZBE/SDL/system/SDLNetDispatcher.h" />
		<Unit filename="../../../include/ZBE/SDL/system/SDLSocket.h" />
		<Unit filename="../../../include/ZBE/SDL/system/SDLWindow.h" />
		<Unit filename="../../../include/ZBE/SDL/tools/SDLTimer.h" />
		<Unit filename="../../../include/ZBE/SDL/tools/SDLUtils.h" />
		<Unit filename="../../../include/ZBE/archetypes/ActivePhysicalObject.h" />
		<Unit filename="../../../include/ZBE/archetypes/Area.h" />
		<Unit filename="../../../include/ZBE/archetypes/Bouncing.h" />
		<Unit filename="../../../include/ZBE/archetypes/BouncingAPO.h" />
		<Unit filename="../../../include/ZBE/archetypes/BouncingPO.h" />
		<Unit filename="../../../include/ZBE/archetypes/Countable.h" />
		<Unit filename="../../../include/ZBE/archetypes/Damping.h" />
		<Unit filename="../../../include/ZBE/archetypes/Drawable.h" />
		<Unit filename="../../../include/ZBE/archetypes/Mobile.h" />
		<Unit filename="../../../include/ZBE/archetypes/MobileAPO.h" />
		<Unit filename="../../../include/ZBE/archetypes/MobilePO.h" />
		<Unit filename="../../../include/ZBE/archetypes/PhysicalObject.h" />
		<Unit filename="../../../include/ZBE/archetypes/Position.h" />
		<Unit filename="../../../include/ZBE/archetypes/PositionAPO.h" />
		<Unit filename="../../../include/ZBE/archetypes/PositionPO.h" />
		<Unit filename="../../../include/ZBE/archetypes/RotatedDrawable.h" />
		<Unit filename="../../../include/ZBE/archetypes/State.h" />
		<Unit filename="../../../include/ZBE/archetypes/TextDrawable.h" />
		<Unit filename="../../../include/ZBE/archetypes/TimeStamp.h" />
		<Unit filename="../../../include/ZBE/archetypes/Wide.h" />
		<Unit filename="../../../include/ZBE/archetypes/WideBouncingAPO.h" />
		<Unit filename="../../../include/ZBE/archetypes/WideMobile.h" />
		<Unit filename="../../../include/ZBE/archetypes/implementations/BaseState.h" />
		<Unit filename="../../../include/ZBE/archetypes/implementations/SimpleActivePhysicalObject.h" />
		<Unit filename="../../../include/ZBE/archetypes/implementations/SimpleArea.h" />
		<Unit filename="../../../include/ZBE/archetypes/implementations/SimpleBouncing.h" />
		<Unit filename="../../../include/ZBE/archetypes/implementations/SimpleBouncingAPO.h" />
		<Unit filename="../../../include/ZBE/archetypes/implementations/SimpleDamping.h" />
		<Unit filename="../../../include/ZBE/archetypes/implementations/SimpleDrawable.h" />
		<Unit filename="../../../include/ZBE/archetypes/implementations/SimpleMobile.h" />
		<Unit filename="../../../include/ZBE/archetypes/implementations/SimpleMobileAPO.h" />
		<Unit filename="../../../include/ZBE/archetypes/implementations/SimplePhysicalObject.h" />
		<Unit filename="../../../include/ZBE/archetypes/implementations/SimplePosition.h" />
		<Unit filename="../../../include/ZBE/archetypes/implementations/SimplePositionPO.h" />
		<Unit filename="../../../include/ZBE/archetypes/implementations/SimpleState.h" />
		<Unit filename="../../../include/ZBE/archetypes/implementations/SimpleTextDrawable.h" />
		<Unit filename="../../../include/ZBE/archetypes/implementations/SimpleTimeStamp.h" />
		<Unit filename="../../../include/ZBE/archetypes/implementations/SimpleWide.h" />
		<Unit filename="../../../include/ZBE/archetypes/implementations/SimpleWideBouncingAPO.h" />
		<Unit filename="../../../include/ZBE/archetypes/implementations/SimpleWideMobile.h" />
		<Unit filename="../../../include/ZBE/archetypes/implementations/SimpleWideMobileAPO.h" />
		<Unit filename="../../../include/ZBE/behaviors/Bounce.h" />
		<Unit filename="../../../include/ZBE/behaviors/Erase.h" />
		<Unit filename="../../../include/ZBE/behaviors/StateLTEraser.h" />
		<Unit filename="../../../include/ZBE/behaviors/StateSetter.h" />
		<Unit filename="../../../include/ZBE/behaviors/UniformLinearMotion.h" />
		<Unit filename="../../../include/ZBE/core/behaviors/Behavior.h" />
		<Unit filename="../../../include/ZBE/core/daemons/Daemon.h" />
		<Unit filename="../../../include/ZBE/core/daemons/DaemonMaster.h" />
		<Unit filename="../../../include/ZBE/core/daemons/MainLoopExit.h" />
		<Unit filename="../../../include/ZBE/core/daemons/PunisherDaemon.h" />
		<Unit filename="../../../include/ZBE/core/daemons/Punishers.h" />
		<Unit filename="../../../include/ZBE/core/daemons/StateMachineDaemon.h" />
		<Unit filename="../../../include/ZBE/core/drawers/Drawer.h" />
		<Unit filename="../../../include/ZBE/core/entities/Adaptor.h" />
		<Unit filename="../../../include/ZBE/core/entities/AvatarEntity.h" />
		<Unit filename="../../../include/ZBE/core/entities/Entity.h" />
		<Unit filename="../../../include/ZBE/core/entities/avatars/AnimatedSprite.h" />
		<Unit filename="../../../include/ZBE/core/entities/avatars/Avatar.h" />
		<Unit filename="../../../include/ZBE/core/entities/avatars/Interactionator.h" />
		<Unit filename="../../../include/ZBE/core/entities/avatars/Interactioner.h" />
		<Unit filename="../../../include/ZBE/core/entities/avatars/RotatedSprite.h" />
		<Unit filename="../../../include/ZBE/core/entities/avatars/SingleSprite.h" />
		<Unit filename="../../../include/ZBE/core/entities/avatars/StatedSprite.h" />
		<Unit filename="../../../include/ZBE/core/entities/avatars/implementations/BaseAvatar.h" />
		<Unit filename="../../../include/ZBE/core/entities/avatars/implementations/SimpleAnimatedSprite.h" />
		<Unit filename="../../../include/ZBE/core/entities/avatars/implementations/SimpleRotatedSprite.h" />
		<Unit filename="../../../include/ZBE/core/entities/avatars/implementations/SimpleSingleSprite.h" />
		<Unit filename="../../../include/ZBE/core/entities/avatars/implementations/SimpleStatedSprite.h" />
		<Unit filename="../../../include/ZBE/core/entities/avatars/implementations/VoidCollisionator.h" />
		<Unit filename="../../../include/ZBE/core/entities/avatars/implementations/VoidCollisioner.h" />
		<Unit filename="../../../include/ZBE/core/events/Event.h" />
		<Unit filename="../../../include/ZBE/core/events/EventStore.h" />
		<Unit filename="../../../include/ZBE/core/events/InputEvent.h" />
		<Unit filename="../../../include/ZBE/core/events/InteractionEvent.h" />
		<Unit filename="../../../include/ZBE/core/events/NetEvent.h" />
		<Unit filename="../../../include/ZBE/core/events/TimeEvent.h" />
		<Unit filename="../../../include/ZBE/core/events/generators/InputEventGenerator.h" />
		<Unit filename="../../../include/ZBE/core/events/generators/InteractionEventGenerator.h" />
		<Unit filename="../../../include/ZBE/core/events/generators/NetEventGenerator.h" />
		<Unit filename="../../../include/ZBE/core/events/generators/TimeEventGenerator.h" />
		<Unit filename="../../../include/ZBE/core/events/generators/util/BaseCollisionSelector.h" />
		<Unit filename="../../../include/ZBE/core/events/generators/util/CollisionBodies.h" />
		<Unit filename="../../../include/ZBE/core/events/generators/util/CollisionData.h" />
		<Unit filename="../../../include/ZBE/core/events/generators/util/CollisionObject.h" />
		<Unit filename="../../../include/ZBE/core/events/generators/util/CollisionSelector.h" />
		<Unit filename="../../../include/ZBE/core/events/generators/util/InputStatusManager.h" />
		<Unit filename="../../../include/ZBE/core/events/generators/util/IntersectionCollisionSelector.h" />
		<Unit filename="../../../include/ZBE/core/events/generators/util/ReactObject.h" />
		<Unit filename="../../../include/ZBE/core/events/generators/util/Reactor.h" />
		<Unit filename="../../../include/ZBE/core/events/handlers/Actuator.h" />
		<Unit filename="../../../include/ZBE/core/events/handlers/ActuatorWrapper.h" />
		<Unit filename="../../../include/ZBE/core/events/handlers/InputHandler.h" />
		<Unit filename="../../../include/ZBE/core/events/handlers/NetHandler.h" />
		<Unit filename="../../../include/ZBE/core/events/handlers/TimeHandler.h" />
		<Unit filename="../../../include/ZBE/core/io/FileHandler.h" />
		<Unit filename="../../../include/ZBE/core/io/Input.h" />
		<Unit filename="../../../include/ZBE/core/io/InputBuffer.h" />
		<Unit filename="../../../include/ZBE/core/io/InputStatus.h" />
		<Unit filename="../../../include/ZBE/core/io/NetBuffer.h" />
		<Unit filename="../../../include/ZBE/core/io/NetMessage.h" />
		<Unit filename="../../../include/ZBE/core/system/Logger.h" />
		<Unit filename="../../../include/ZBE/core/system/MainLoop.h" />
		<Unit filename="../../../include/ZBE/core/system/SysError.h" />
		<Unit filename="../../../include/ZBE/core/system/SysIdGenerator.h" />
		<Unit filename="../../../include/ZBE/core/system/SysTime.h" />
		<Unit filename="../../../include/ZBE/core/tools/containers/ListJoint.h" />
		<Unit filename="../../../include/ZBE/core/tools/containers/RsrcDictionary.h" />
		<Unit filename="../../../include/ZBE/core/tools/containers/RsrcStore.h" />
		<Unit filename="../../../include/ZBE/core/tools/containers/Ticket.h" />
		<Unit filename="../../../include/ZBE/core/tools/containers/TicketedElement.h" />
		<Unit filename="../../../include/ZBE/core/tools/containers/TicketedForwardList.h" />
		<Unit filename="../../../include/ZBE/core/tools/containers/TimedBuffer.h" />
		<Unit filename="../../../include/ZBE/core/tools/containers/TimedElement.h" />
		<Unit filename="../../../include/ZBE/core/tools/containers/containers.h" />
		<Unit filename="../../../include/ZBE/core/tools/graphics/Sprite.h" />
		<Unit filename="../../../include/ZBE/core/tools/graphics/SpriteSheet.h" />
		<Unit filename="../../../include/ZBE/core/tools/math/Point.h" />
		<Unit filename="../../../include/ZBE/core/tools/math/Region.h" />
		<Unit filename="../../../include/ZBE/core/tools/math/Vector.h" />
		<Unit filename="../../../include/ZBE/core/tools/math/collisions/intersections.h" />
		<Unit filename="../../../include/ZBE/core/tools/math/math.h" />
		<Unit filename="../../../include/ZBE/core/tools/math/objects.h" />
		<Unit filename="../../../include/ZBE/core/tools/shared/Value.h" />
		<Unit filename="../../../include/ZBE/core/tools/shared/implementations/SimpleValue.h" />
		<Unit filename="../../../include/ZBE/core/tools/text/utf8.h" />
		<Unit filename="../../../include/ZBE/core/tools/time/ContextTime.h" />
		<Unit filename="../../../include/ZBE/core/tools/time/SubordinateTime.h" />
		<Unit filename="../../../include/ZBE/core/tools/time/Timer.h" />
		<Unit filename="../../../include/ZBE/core/tools/tools.h" />
		<Unit filename="../../../include/ZBE/core/zbe.h" />
		<Unit filename="../../../include/ZBE/entities/ActiveElement2D.h" />
		<Unit filename="../../../include/ZBE/entities/Element2D.h" />
		<Unit filename="../../../include/ZBE/entities/TextBox.h" />
		<Unit filename="../../../include/ZBE/entities/adaptors/ActiveElement2DAnimatedSpriteAdaptor.h" />
		<Unit filename="../../../include/ZBE/entities/adaptors/Element2DAnimatedSpriteAdaptor.h" />
		<Unit filename="../../../include/ZBE/entities/adaptors/RotatedDrawableRotatedSpriteAdaptor.h" />
		<Unit filename="../../../include/ZBE/entities/adaptors/SimpleDrawableSingleSpriteAdaptor.h" />
		<Unit filename="../../../include/ZBE/entities/adaptors/TextDrawableSingleTextSpriteAdaptor.h" />
		<Unit filename="../../../include/ZBE/entities/avatars/Bounceable.h" />
		<Unit filename="../../../include/ZBE/entities/avatars/Bouncer.h" />
		<Unit filename="../../../include/ZBE/entities/avatars/InteractionTester.h" />
		<Unit filename="../../../include/ZBE/entities/avatars/Movable.h" />
		<Unit filename="../../../include/ZBE/entities/avatars/Positionable.h" />
		<Unit filename="../../../include/ZBE/entities/avatars/Resizable.h" />
		<Unit filename="../../../include/ZBE/entities/avatars/SingleModel.h" />
		<Unit filename="../../../include/ZBE/entities/avatars/SingleTextSprite.h" />
		<Unit filename="../../../include/ZBE/entities/avatars/Stated.h" />
		<Unit filename="../../../include/ZBE/entities/avatars/implementations/BaseBouncer.h" />
		<Unit filename="../../../include/ZBE/entities/avatars/implementations/BaseMovable.h" />
		<Unit filename="../../../include/ZBE/entities/avatars/implementations/BasePositionable.h" />
		<Unit filename="../../../include/ZBE/entities/avatars/implementations/BaseResizableArea.h" />
		<Unit filename="../../../include/ZBE/entities/avatars/implementations/BaseSingleTextSprite.h" />
		<Unit filename="../../../include/ZBE/entities/avatars/implementations/BaseStated.h" />
		<Unit filename="../../../include/ZBE/entities/avatars/implementations/SimpleBounceable.h" />
		<Unit filename="../../../include/ZBE/entities/avatars/implementations/SimpleSingleModel.h" />
		<Unit filename="../../../include/ZBE/entities/avatars/implementations/ValuedSingleModel.h" />
		<Unit filename="../../../include/ZBE/events/handlers/actuators/BouncerAtor.h" />
		<Unit filename="../../../include/ZBE/events/handlers/actuators/ConditionalEraserAtor.h" />
		<Unit filename="../../../include/ZBE/events/handlers/actuators/DaemonSelectorAtor.h" />
		<Unit filename="../../../include/ZBE/events/handlers/actuators/EraserAtor.h" />
		<Unit filename="../../../include/ZBE/events/handlers/actuators/StateChangerAtor.h" />
		<Unit filename="../../../include/ZBE/events/handlers/input/BroadcastIH.h" />
		<Unit filename="../../../include/ZBE/events/handlers/input/DaemonClickIH.h" />
		<Unit filename="../../../include/ZBE/events/handlers/input/DaemonInputHandler.h" />
		<Unit filename="../../../include/ZBE/events/handlers/input/InputToValue.h" />
		<Unit filename="../../../include/ZBE/events/handlers/time/DaemonRecurrentTimeHandler.h" />
		<Unit filename="../../../include/ZBE/events/handlers/time/DaemonTimeHandler.h" />
		<Unit filename="../../../include/ZBE/events/handlers/time/TicketEraser.h" />
		<Unit filename="../../../include/ZBE/graphics/MultiSpriteSheet.h" />
		<Unit filename="../../../include/ZBE/resources/contextnames.h" />
		<Unit filename="../../../include/ZBE/resources/loaders/ImgDefLoader.h" />
		<Unit filename="../../../include/ZBE/resources/loaders/RsrcFolderLoader.h" />
		<Unit filename="../../../include/ZBE/resources/loaders/RsrcLoader.h" />
		<Unit filename="../../../include/ZBE/resources/loaders/SpriteSheetLoader.h" />
		<Unit filename="../../../include/ZBE/system/SimpleLoopBuilder.h" />
		<Unit filename="../../../src/ZBE/JSON/graphics/JSONGraphicsLoaders.cpp" />
		<Unit filename="../../../src/ZBE/SDL/OGL/SDLOGLWindow.cpp" />
		<Unit filename="../../../src/ZBE/SDL/daemons/BasicPostLoopSDLDaemon.cpp" />
		<Unit filename="../../../src/ZBE/SDL/daemons/BasicPreLoopSDLDaemon.cpp" />
		<Unit filename="../../../src/ZBE/SDL/drawers/RotatedSpriteSDLDrawer.cpp" />
		<Unit filename="../../../src/ZBE/SDL/drawers/SimpleSpriteSDLDrawer.cpp" />
		<Unit filename="../../../src/ZBE/SDL/drawers/SingleTextSDLDrawer.cpp" />
		<Unit filename="../../../src/ZBE/SDL/drawers/StatedSpriteSDLDrawer.cpp" />
		<Unit filename="../../../src/ZBE/SDL/starters/SDL_Starter.cpp" />
		<Unit filename="../../../src/ZBE/SDL/system/SDLEventDispatcher.cpp" />
		<Unit filename="../../../src/ZBE/SDL/system/SDLNetDispatcher.cpp" />
		<Unit filename="../../../src/ZBE/SDL/system/SDLSocket.cpp" />
		<Unit filename="../../../src/ZBE/SDL/system/SDLWindow.cpp" />
		<Unit filename="../../../src/ZBE/SDL/tools/SDLTimer.cpp" />
		<Unit filename="../../../src/ZBE/core/daemons/DaemonMaster.cpp" />
		<Unit filename="../../../src/ZBE/core/daemons/StateMachineDaemon.cpp" />
		<Unit filename="../../../src/ZBE/core/entities/Entity.cpp" />
		<Unit filename="../../../src/ZBE/core/events/EventStore.cpp" />
		<Unit filename="../../../src/ZBE/core/events/InputEvent.cpp" />
		<Unit filename="../../../src/ZBE/core/events/generators/InputEventGenerator.cpp" />
		<Unit filename="../../../src/ZBE/core/events/generators/NetEventGenerator.cpp" />
		<Unit filename="../../../src/ZBE/core/events/generators/TimeEventGenerator.cpp" />
		<Unit filename="../../../src/ZBE/core/events/generators/util/BaseCollisionSelector.cpp" />
		<Unit filename="../../../src/ZBE/core/events/generators/util/CollisionSelector.cpp" />
		<Unit filename="../../../src/ZBE/core/events/generators/util/IntersectionCollisionSelector.cpp" />
		<Unit filename="../../../src/ZBE/core/io/FileHandler.cpp" />
		<Unit filename="../../../src/ZBE/core/system/Logger.cpp" />
		<Unit filename="../../../src/ZBE/core/system/MainLoop.cpp" />
		<Unit filename="../../../src/ZBE/core/system/SysError.cpp" />
		<Unit filename="../../../src/ZBE/core/system/SysIdGenerator.cpp" />
		<Unit filename="../../../src/ZBE/core/tools/math/Vector.cpp" />
		<Unit filename="../../../src/ZBE/core/tools/math/collisions/intersections.cpp" />
		<Unit filename="../../../src/ZBE/core/tools/text/utf8.cpp" />
		<Unit filename="../../../src/ZBE/core/tools/time/ContextTime.cpp" />
		<Unit filename="../../../src/ZBE/resources/contextname.cpp" />
		<Unit filename="../../../src/ZBE/resources/loaders/RsrcFolderLoader.cpp" />
		<Extensions>
			<code_completion />
			<envvars />
			<debugger />
			<lib_finder disable_auto="1" />
			<DoxyBlocks>
				<comment_style block="0" line="0" />
				<doxyfile_project />
				<doxyfile_build />
				<doxyfile_warnings />
				<doxyfile_output />
				<doxyfile_dot />
				<general />
			</DoxyBlocks>
		</Extensions>
	</Project>
</CodeBlocks_project_file>
