<?xml version="1.0" encoding="UTF-8" standalone="yes" ?>
<CodeBlocks_project_file>
	<FileVersion major="1" minor="6" />
	<Project>
		<Option title="ZBETest" />
		<Option pch_mode="2" />
		<Option compiler="gcc" />
		<Build>
			<Target title="Debug-Linux64">
				<Option output="../../../bin/Debug/ZBETest" prefix_auto="1" extension_auto="1" />
				<Option working_dir="../../../../ZBE" />
				<Option object_output="obj/Debug/" />
				<Option type="1" />
				<Option compiler="gcc" />
				<Compiler>
					<Add option="-std=c++11" />
					<Add option="-g" />
					<Add option="-m64" />
					<Add directory="../../../src/ZBETest/include" />
					<Add directory="../../../include" />
					<Add directory="../../../extlibs/googletest/1.7.0/include" />
					<Add directory="../../../extlibs/SDL2/2.0.1/linux-x64/include" />
					<Add directory="../../../extlibs/boost_1_57_0" />
				</Compiler>
				<Linker>
					<Add library="gtest" />
					<Add library="ZBE_x64d" />
					<Add directory="../../../extlibs/googletest/1.7.0/lib/linux64" />
					<Add directory="../../../extlibs/SDL2/2.0.1/linux-x64/lib" />
					<Add directory="../../../lib" />
				</Linker>
			</Target>
			<Target title="Release-Linux64">
				<Option output="../../../bin/Release/ZBETest" prefix_auto="1" extension_auto="1" />
				<Option working_dir="../../../../ZBE" />
				<Option object_output="obj/Release/" />
				<Option type="1" />
				<Option compiler="gcc" />
				<Compiler>
					<Add option="-O2" />
					<Add option="-std=c++11" />
					<Add option="-m64" />
					<Add directory="../../../src/ZBETest/include" />
					<Add directory="../../../include" />
					<Add directory="../../../extlibs/googletest/1.7.0/include" />
					<Add directory="../../../extlibs/SDL2/2.0.1/linux-x64/include" />
					<Add directory="../../../extlibs/boost_1_57_0" />
				</Compiler>
				<Linker>
					<Add option="-s" />
					<Add library="gtest" />
					<Add library="ZBE_x64" />
					<Add directory="../../../extlibs/googletest/1.7.0/lib/linux64" />
					<Add directory="../../../extlibs/SDL2/2.0.1/linux-x64/lib" />
					<Add directory="../../../lib" />
				</Linker>
			</Target>
			<Target title="Debug-Win64">
				<Option output="../../../bin/Debug/ZBETest" prefix_auto="1" extension_auto="1" />
				<Option working_dir="../../../../ZBE" />
				<Option object_output="obj/Debug/" />
				<Option type="1" />
				<Option compiler="mingw_64-bit_compiler" />
				<Compiler>
					<Add option="-std=c++11" />
					<Add option="-g" />
					<Add option="-m64" />
					<Add directory="../../../src/ZBETest/include" />
					<Add directory="../../../include" />
					<Add directory="../../../extlibs/googletest/1.7.0/include" />
					<Add directory="../../../extlibs/SDL2/2.0.1/x86_64-w64-mingw32/include" />
					<Add directory="../../../extlibs/boost_1_57_0" />
				</Compiler>
				<Linker>
					<Add library="mingw32" />
					<Add library="gtest" />
					<Add library="ZBE_x64d" />
					<Add directory="../../../extlibs/googletest/1.7.0/lib/win64" />
					<Add directory="../../../extlibs/SDL2/2.0.1/x86_64-w64-mingw32/lib" />
					<Add directory="../../../lib" />
				</Linker>
			</Target>
			<Target title="Release-Win64">
				<Option output="../../../bin/Release/ZBETest" prefix_auto="1" extension_auto="1" />
				<Option working_dir="../../../../ZBE" />
				<Option object_output="obj/Release/" />
				<Option type="1" />
				<Option compiler="mingw_64-bit_compiler" />
				<Compiler>
					<Add option="-O2" />
					<Add option="-std=c++11" />
					<Add option="-m64" />
					<Add directory="../../../src/ZBETest/include" />
					<Add directory="../../../include" />
					<Add directory="../../../extlibs/googletest/1.7.0/include" />
					<Add directory="../../../extlibs/SDL2/2.0.1/x86_64-w64-mingw32/include" />
					<Add directory="../../../extlibs/boost_1_57_0" />
				</Compiler>
				<Linker>
					<Add option="-s" />
					<Add library="gtest" />
					<Add library="ZBE_x64" />
					<Add directory="../../../extlibs/googletest/1.7.0/lib/win64" />
					<Add directory="../../../extlibs/SDL2/2.0.1/x86_64-w64-mingw32/lib" />
					<Add directory="../../../lib" />
				</Linker>
			</Target>
		</Build>
		<Compiler>
			<Add option="-Wall" />
			<Add option="-fexceptions" />
		</Compiler>
		<Unit filename="../../../src/ZBETest/core/tools/containers/ArrayListTest.cpp" />
		<Unit filename="../../../src/ZBETest/core/tools/math/PointTest.cpp" />
		<Unit filename="../../../src/ZBETest/core/tools/math/VectorTest.cpp" />
		<Unit filename="../../../src/ZBETest/core/tools/math/collisions/intersectionsTest.cpp" />
		<Unit filename="../../../src/ZBETest/core/tools/math/objectsTest.cpp" />
		<Unit filename="../../../src/ZBETest/src/FileHandlerTest.cpp" />
		<Unit filename="../../../src/ZBETest/src/LoggerTest.cpp" />
		<Unit filename="../../../src/ZBETest/src/SysErrorTest.cpp" />
		<Unit filename="../../../src/ZBETest/src/main.cpp" />
		<Extensions>
			<code_completion />
			<envvars />
			<debugger />
		</Extensions>
	</Project>
</CodeBlocks_project_file>
