<?xml version="1.0" encoding="UTF-8" standalone="yes" ?>
<CodeBlocks_project_file>
	<FileVersion major="1" minor="6" />
	<Project>
		<Option title="ZBETest" />
		<Option pch_mode="2" />
		<Option compiler="gcc" />
		<Build>
			<Target title="Debug">
				<Option output="../../../bin/Debug/ZBETest" prefix_auto="1" extension_auto="1" />
				<Option object_output="obj/Debug/" />
				<Option type="1" />
				<Option compiler="gcc" />
				<Compiler>
					<Add option="-g" />
					<Add directory="../../../src/ZBETest/include" />
					<Add directory="../../../include" />
					<Add directory="../../../src/ZBE" />
					<Add directory="../../../extlibs/googletest/include" />
				</Compiler>
				<Linker>
					<Add library="..\..\..\extlibs\googletest\lib\libgtest.dll.a" />
					<Add directory="../../../extlibs/googletest/lib" />
				</Linker>
			</Target>
			<Target title="Release">
				<Option output="../../../bin/Release/ZBETest" prefix_auto="1" extension_auto="1" />
				<Option object_output="obj/Release/" />
				<Option type="1" />
				<Option compiler="gcc" />
				<Compiler>
					<Add option="-O2" />
				</Compiler>
				<Linker>
					<Add option="-s" />
				</Linker>
			</Target>
		</Build>
		<Compiler>
			<Add option="-Wall" />
			<Add option="-fexceptions" />
		</Compiler>
		<Unit filename="../../../src/ZBETest/include/unittest.h" />
		<Unit filename="../../../src/ZBETest/src/main.cpp" />
		<Unit filename="../../../src/ZBETest/src/unittest.cpp" />
		<Extensions>
			<code_completion />
			<envvars />
			<debugger />
		</Extensions>
	</Project>
</CodeBlocks_project_file>
