<?xml version="1.0" encoding="UTF-8" standalone="yes" ?>
<CodeBlocks_project_file>
	<FileVersion major="1" minor="6" />
	<Project>
		<Option title="ZandBokz" />
		<Option pch_mode="2" />
		<Option compiler="gcc" />
		<Build>
			<Target title="Debug-Win64">
				<Option output="../../../bin/Debug/ZandBokz" prefix_auto="1" extension_auto="1" />
				<Option working_dir="../../.." />
				<Option object_output="obj/Debug/" />
				<Option type="1" />
				<Option compiler="mingw_64-bit_compiler-710" />
				<Compiler>
					<Add option="-Weffc++" />
					<Add option="-pedantic" />
					<Add option="-Wextra" />
					<Add option="-Wall" />
					<Add option="-std=c++11" />
					<Add option="-m64" />
					<Add option="-g" />
					<Add option="-isystem ../../../extlibs/json" />
					<Add option="-isystem ../../../extlibs/glm/0.9.9.0/glm" />
					<Add option="-D_GLIBCXX_USE_CXX11_ABI=0" />
					<Add directory="../../../src/ZandBokz/include" />
					<Add directory="../../../include" />
					<Add directory="../../../extlibs/utf8cpp/source" />
					<Add directory="../../../extlibs/boost_1_57_0" />
					<Add directory="../../../extlibs/IteratorTypeErasure/IteratorTypeErasure/any_iterator" />
					<Add directory="../../../extlibs/SDL2/2.0.5/x86_64-w64-mingw32/include" />
					<Add directory="../../../extlibs/SDL2/2.0.5/x86_64-w64-mingw32/include/SDL2" />
					<Add directory="../../../extlibs/SDL2_image/2.0.1/x86_64-w64-mingw32/include" />
					<Add directory="../../../extlibs/SDL2_ttf/2.0.14/x86_64-w64-mingw32/include" />
				</Compiler>
				<Linker>
					<Add option="-m64" />
					<Add library="mingw32" />
					<Add library="ZBE_x64d" />
					<Add library="SDL2main" />
					<Add library="SDL2" />
					<Add library="SDL2_image" />
					<Add library="SDL2_ttf" />
					<Add directory="../../../lib" />
					<Add directory="../../../extlibs/SDL2/2.0.5/x86_64-w64-mingw32/lib" />
					<Add directory="../../../extlibs/SDL2_image/2.0.1/x86_64-w64-mingw32/lib" />
					<Add directory="../../../extlibs/SDL2_ttf/2.0.14/x86_64-w64-mingw32/lib" />
				</Linker>
			</Target>
			<Target title="Release-Win64">
				<Option output="../../../bin/Release/ZandBokz" prefix_auto="1" extension_auto="1" />
				<Option working_dir="../../.." />
				<Option object_output="obj/Release/" />
				<Option type="1" />
				<Option compiler="mingw_64-bit_compiler-710" />
				<Compiler>
					<Add option="-O2" />
					<Add option="-std=c++11" />
					<Add option="-m64" />
					<Add option="-isystem ../../../extlibs/json" />
					<Add option="-isystem ../../../extlibs/glm/0.9.9.0/glm" />
					<Add option="-D_GLIBCXX_USE_CXX11_ABI=0" />
					<Add directory="../../../src/ZandBokz/include" />
					<Add directory="../../../include" />
					<Add directory="../../../extlibs/boost_1_57_0" />
					<Add directory="../../../extlibs/IteratorTypeErasure/IteratorTypeErasure/any_iterator" />
					<Add directory="../../../extlibs/SDL2/2.0.5/x86_64-w64-mingw32/include" />
					<Add directory="../../../extlibs/SDL2/2.0.5/x86_64-w64-mingw32/include/SDL2" />
					<Add directory="../../../extlibs/SDL2_image/2.0.1/x86_64-w64-mingw32/include" />
					<Add directory="../../../extlibs/SDL2_ttf/2.0.14/x86_64-w64-mingw32/include" />
				</Compiler>
				<Linker>
					<Add option="-s" />
					<Add option="-m64" />
					<Add library="mingw32" />
					<Add library="ZBE_x64" />
					<Add library="SDL2main" />
					<Add library="SDL2" />
					<Add library="SDL2_image" />
					<Add library="SDL2_ttf" />
					<Add directory="../../../lib" />
					<Add directory="../../../extlibs/SDL2/2.0.5/x86_64-w64-mingw32/lib" />
					<Add directory="../../../extlibs/SDL2_image/2.0.1/x86_64-w64-mingw32/lib" />
					<Add directory="../../../extlibs/SDL2_ttf/2.0.14/x86_64-w64-mingw32/lib" />
				</Linker>
			</Target>
			<Target title="Debug-Linux64">
				<Option output="../../../bin/Debug/ZandBokz" prefix_auto="1" extension_auto="1" />
				<Option working_dir="../../.." />
				<Option object_output="obj/Debug/" />
				<Option type="1" />
				<Option compiler="gcc" />
				<Compiler>
					<Add option="-Weffc++" />
					<Add option="-pedantic" />
					<Add option="-Wextra" />
					<Add option="-Wall" />
					<Add option="-m64" />
					<Add option="-g" />
					<Add option="-isystem ../../../extlibs/json" />
					<Add option="-isystem ../../../extlibs/glm/0.9.9.0/glm" />
					<Add option="-std=c++17" />
					<Add directory="../../../src/ZandBokz/include" />
					<Add directory="../../../include" />
					<Add directory="../../../extlibs/utf8cpp/source" />
					<Add directory="../../../extlibs/boost_1_57_0" />
					<Add directory="../../../extlibs/IteratorTypeErasure/IteratorTypeErasure/any_iterator" />
					<Add directory="../../../extlibs/SDL2/2.0.3/include" />
					<Add directory="../../../extlibs/SDL2_image/2.0.0/x86_64-linux-gcc/include" />
					<Add directory="../../../extlibs/SDL2_ttf/2.0.12/x86_64-linux-gcc/include" />
				</Compiler>
				<Linker>
					<Add option="-m64" />
					<Add library="ZBE_x64d" />
					<Add library="SDL2main" />
					<Add library="SDL2" />
					<Add library="SDL2_image" />
					<Add library="SDL2_ttf" />
					<Add directory="../../../lib" />
					<Add directory="../../../extlibs/SDL2/2.0.3/lib" />
					<Add directory="../../../extlibs/SDL2_image/2.0.0/x86_64-linux-gcc/lib" />
					<Add directory="../../../extlibs/SDL2_ttf/2.0.12/x86_64-linux-gcc/lib" />
				</Linker>
			</Target>
			<Target title="Release-Linux64">
				<Option output="../../../bin/Release/ZandBokz" prefix_auto="1" extension_auto="1" />
				<Option working_dir="../../.." />
				<Option object_output="obj/Release/" />
				<Option type="1" />
				<Option compiler="gcc" />
				<Compiler>
					<Add option="-O2" />
					<Add option="-m64" />
					<Add option="-isystem ../../../extlibs/json" />
					<Add option="-isystem ../../../extlibs/glm/0.9.9.0/glm" />
					<Add option="-std=c++17" />
					<Add directory="../../../src/ZandBokz/include" />
					<Add directory="../../../include" />
					<Add directory="../../../extlibs/boost_1_57_0" />
					<Add directory="../../../extlibs/IteratorTypeErasure/IteratorTypeErasure/any_iterator" />
					<Add directory="../../../extlibs/SDL2/2.0.3/include" />
					<Add directory="../../../extlibs/SDL2_image/2.0.0/x86_64-linux-gcc/include" />
					<Add directory="../../../extlibs/SDL2_ttf/2.0.12/x86_64-linux-gcc/include" />
				</Compiler>
				<Linker>
					<Add option="-s" />
					<Add option="-m64" />
					<Add library="ZBE_x64" />
					<Add library="SDL2main" />
					<Add library="SDL2" />
					<Add library="SDL2_image" />
					<Add library="SDL2_ttf" />
					<Add directory="../../../lib" />
					<Add directory="../../../extlibs/SDL2/2.0.3/lib" />
					<Add directory="../../../extlibs/SDL2_image/2.0.0/x86_64-linux-gcc/lib" />
					<Add directory="../../../extlibs/SDL2_ttf/2.0.12/x86_64-linux-gcc/lib" />
				</Linker>
			</Target>
		</Build>
		<Compiler>
			<Add option="-Wall" />
		</Compiler>
		<Unit filename="../../../src/ZandBokz/include/zandbokz.h" />
		<Unit filename="../../../src/ZandBokz/src/zandbokz.cpp" />
		<Extensions>
			<code_completion />
			<debugger />
			<envvars />
		</Extensions>
	</Project>
</CodeBlocks_project_file>
