<?xml version="1.0" encoding="UTF-8" standalone="yes" ?>
<CodeBlocks_project_file>
	<FileVersion major="1" minor="6" />
	<Project>
		<Option title="ZandBokz" />
		<Option pch_mode="2" />
		<Option compiler="gcc" />
		<Build>
			<Target title="Debug-Win64">
				<Option output="../../../bin/Debug/ZandBokz" prefix_auto="1" extension_auto="1" />
				<Option working_dir="../../.." />
				<Option object_output="obj/Debug/" />
				<Option type="1" />
				<Option compiler="msys2_mingw_64-bit_compiler-920" />
				<Compiler>
					<Add option="-Weffc++" />
					<Add option="-pedantic" />
					<Add option="-Wextra" />
					<Add option="-Wall" />
					<Add option="-m64" />
					<Add option="-g" />
					<Add option="-isystem ../../../extlibs/json" />
					<Add option="-isystem ../../../extlibs/glm/0.9.9.0/glm" />
					<Add option="-std=c++17" />
					<Add option="-D_GLIBCXX_USE_CXX11_ABI=0" />
					<Add directory="../../../extlibs/SDL2/2.0.8/include" />
					<Add directory="../../../extlibs/SDL2/2.0.8/include/SDL2" />
					<Add directory="../../../extlibs/SDL2_image/2.0.1/x86_64-w64-mingw32/include" />
					<Add directory="../../../extlibs/SDL2_ttf/2.0.14/x86_64-w64-mingw32/include" />
					<Add directory="../../../extlibs/SDL2_net/2.0.1/include" />
					<Add directory="../../../extlibs/GLEW/2.1.0/include" />
					<Add directory="../../../extlibs/imgui-1.76" />
					<Add directory="../../../extlibs/imgui-1.76/examples" />
					<Add directory="../../../extlibs/tinygltf" />
					<Add directory="../../../extlibs/stb_image" />
					<Add directory="../../../extlibs/glm/0.9.9.0" />
					<Add directory="../../../include" />
					<Add directory="../../../src/ZandBokz/include" />
					<Add directory="../../../extlibs/utf8cpp/source" />
				</Compiler>
				<Linker>
					<Add option="-s" />
					<Add option="-m64" />
					<Add library="mingw32" />
					<Add library="ZBE_x64d" />
					<Add library="SDL2main" />
					<Add library="SDL2" />
					<Add library="SDL2_image" />
					<Add library="SDL2_ttf" />
					<Add library="SDL2_net" />
					<Add library="glew32" />
					<Add library="openGL32" />
					<Add directory="../../../lib" />
					<Add directory="../../../extlibs/SDL2/2.0.8/x86_64-w64-mingw32/lib" />
					<Add directory="../../../extlibs/SDL2_image/2.0.1/x86_64-w64-mingw32/lib" />
					<Add directory="../../../extlibs/SDL2_ttf/2.0.14/x86_64-w64-mingw32/lib" />
					<Add directory="../../../extlibs/SDL2_net/2.0.1/x86_64-w64-mingw32/lib" />
					<Add directory="../../../extlibs/GLEW/2.1.0/windows/lib/Release/x64" />
					<Add directory="../../../extlibs/OALSoft/1.18.2/windows/lib" />
				</Linker>
			</Target>
			<Target title="Release-Win64">
				<Option output="../../../bin/Release/ZandBokz" prefix_auto="1" extension_auto="1" />
				<Option working_dir="../../.." />
				<Option object_output="obj/Release/" />
				<Option type="1" />
				<Option compiler="msys2_mingw_64-bit_compiler-920" />
				<Compiler>
					<Add option="-O2" />
					<Add option="-m64" />
					<Add option="-isystem ../../../extlibs/json" />
					<Add option="-isystem ../../../extlibs/glm/0.9.9.0/glm" />
					<Add option="-std=c++17" />
					<Add option="-D_GLIBCXX_USE_CXX11_ABI=0" />
					<Add directory="../../../extlibs/SDL2/2.0.8/include" />
					<Add directory="../../../extlibs/SDL2/2.0.8/include/SDL2" />
					<Add directory="../../../extlibs/SDL2_image/2.0.1/x86_64-w64-mingw32/include" />
					<Add directory="../../../extlibs/SDL2_ttf/2.0.14/x86_64-w64-mingw32/include" />
					<Add directory="../../../extlibs/SDL2_net/2.0.1/include" />
					<Add directory="../../../extlibs/GLEW/2.1.0/include" />
					<Add directory="../../../extlibs/imgui-1.76" />
					<Add directory="../../../extlibs/imgui-1.76/examples" />
					<Add directory="../../../extlibs/tinygltf" />
					<Add directory="../../../extlibs/stb_image" />
					<Add directory="../../../extlibs/glm/0.9.9.0" />
					<Add directory="../../../include" />
					<Add directory="../../../src/ZandBokz/include" />
				</Compiler>
				<Linker>
					<Add option="-s" />
					<Add option="-m64" />
					<Add library="mingw32" />
					<Add library="ZBE_x64" />
					<Add library="SDL2main" />
					<Add library="SDL2" />
					<Add library="SDL2_image" />
					<Add library="SDL2_ttf" />
					<Add library="SDL2_net" />
					<Add library="glew32" />
					<Add library="openGL32" />
					<Add directory="../../../lib" />
					<Add directory="../../../extlibs/SDL2/2.0.8/x86_64-w64-mingw32/lib" />
					<Add directory="../../../extlibs/SDL2_image/2.0.1/x86_64-w64-mingw32/lib" />
					<Add directory="../../../extlibs/SDL2_ttf/2.0.14/x86_64-w64-mingw32/lib" />
					<Add directory="../../../extlibs/SDL2_net/2.0.1/x86_64-w64-mingw32/lib" />
					<Add directory="../../../extlibs/GLEW/2.1.0/windows/lib/Release/x64" />
					<Add directory="../../../extlibs/OALSoft/1.18.2/windows/lib" />
				</Linker>
			</Target>
			<Target title="Debug-Linux64">
				<Option output="../../../bin/Debug/ZandBokz" prefix_auto="1" extension_auto="1" />
				<Option working_dir="../../.." />
				<Option object_output="obj/Debug/" />
				<Option type="1" />
				<Option compiler="gcc" />
				<Compiler>
					<Add option="-Weffc++" />
					<Add option="-pedantic" />
					<Add option="-Wextra" />
					<Add option="-Wall" />
					<Add option="-m64" />
					<Add option="-g" />
					<Add option="-isystem ../../../extlibs/json" />
					<Add option="-isystem ../../../extlibs/glm/0.9.9.0/glm" />
					<Add option="-std=c++17" />
					<Add directory="../../../src/ZandBokz/include" />
					<Add directory="../../../include" />
					<Add directory="../../../extlibs/SDL2/2.0.8/linux64/lib" />
					<Add directory="../../../extlibs/SDL2_image/2.0.0/x86_64-linux-gcc/include" />
					<Add directory="../../../extlibs/SDL2_ttf/2.0.12/x86_64-linux-gcc/include" />
					<Add directory="../../../src" />
					<Add directory="include/ZBE/core/io" />
					<Add directory="../../../extlibs/utf8cpp/source" />
					<Add directory="../../../extlibs/boost_1_57_0" />
					<Add directory="../../../extlibs/IteratorTypeErasure/IteratorTypeErasure/any_iterator" />
					<Add directory="include/ZBE/core/daemons" />
					<Add directory="include/ZBE/core/behaviors" />
					<Add directory="include/ZBE/core/io/SDL" />
					<Add directory="include/ZBE/core/system/SDL" />
					<Add directory="include/ZBE/events/handlers/input" />
					<Add directory="../../../extlibs/json" />
					<Add directory="../../../extlibs/GLEW/2.1.0/include" />
					<Add directory="../../../extlibs/lodePNG" />
					<Add directory="../../../extlibs/glm/0.9.9.0" />
					<Add directory="../../../extlibs/stb_vorbis" />
					<Add directory="../../../extlibs/SDL2_net/2.0.1/include" />
					<Add directory="../../../extlibs/SDL2/2.0.8/include/SDL2" />
					<Add directory="../../../extlibs/OALSoft/1.18.2/include" />
					<Add directory="../../../extlibs/SDL2/2.0.8/include" />
					<Add directory="../../../extlibs/imgui-1.76" />
					<Add directory="../../../extlibs/imgui-1.76/examples" />
					<Add directory="../../../extlibs/tinygltf" />
					<Add directory="../../../extlibs/stb_image" />
				</Compiler>
				<Linker>
					<Add option="-m64" />
					<Add library="ZBE_x64d" />
					<Add library="SDL2main" />
					<Add library="SDL2" />
					<Add library="SDL2_image" />
					<Add library="SDL2_ttf" />
					<Add library="SDL2_net" />
					<Add library="GL" />
					<Add library="GLEW" />
					<Add library="OpenGL" />
					<Add library="openal" />
					<Add directory="../../../lib" />
					<Add directory="../../../extlibs/SDL2/2.0.8/linux64/lib" />
					<Add directory="../../../extlibs/SDL2_image/2.0.0/x86_64-linux-gcc/lib" />
					<Add directory="../../../extlibs/SDL2_ttf/2.0.12/x86_64-linux-gcc/lib" />
					<Add directory="../../../extlibs/SDL2_net/2.0.1/linux/lib" />
					<Add directory="../../../extlibs/GLEW/2.1.0/linux/lib" />
					<Add directory="../../../../../../../usr/lib" />
				</Linker>
			</Target>
			<Target title="Release-Linux64">
				<Option output="../../../bin/Release/ZandBokz" prefix_auto="1" extension_auto="1" />
				<Option working_dir="../../.." />
				<Option object_output="obj/Release/" />
				<Option type="1" />
				<Option compiler="gcc" />
				<Compiler>
					<Add option="-O2" />
					<Add option="-m64" />
					<Add option="-isystem ../../../extlibs/json" />
					<Add option="-isystem ../../../extlibs/glm/0.9.9.0/glm" />
					<Add option="-std=c++17" />
					<Add directory="../../../src/ZandBokz/include" />
					<Add directory="../../../include" />
					<Add directory="../../../extlibs/SDL2/2.0.8/include" />
					<Add directory="../../../extlibs/SDL2_image/2.0.0/x86_64-linux-gcc/include" />
					<Add directory="../../../extlibs/SDL2_ttf/2.0.12/x86_64-linux-gcc/include" />
					<Add directory="../../../src" />
					<Add directory="include/ZBE/core/io" />
					<Add directory="../../../extlibs/utf8cpp/source" />
					<Add directory="../../../extlibs/boost_1_57_0" />
					<Add directory="../../../extlibs/IteratorTypeErasure/IteratorTypeErasure/any_iterator" />
					<Add directory="include/ZBE/core/daemons" />
					<Add directory="include/ZBE/core/behaviors" />
					<Add directory="include/ZBE/core/io/SDL" />
					<Add directory="include/ZBE/core/system/SDL" />
					<Add directory="include/ZBE/events/handlers/input" />
					<Add directory="../../../extlibs/json" />
					<Add directory="../../../extlibs/GLEW/2.1.0/include" />
					<Add directory="../../../extlibs/lodePNG" />
					<Add directory="../../../extlibs/glm/0.9.9.0" />
					<Add directory="../../../extlibs/stb_vorbis" />
					<Add directory="../../../extlibs/SDL2_net/2.0.1/include" />
					<Add directory="../../../extlibs/SDL2/2.0.8/include/SDL2" />
					<Add directory="../../../extlibs/OALSoft/1.18.2/include" />
					<Add directory="../../../extlibs/imgui-1.76" />
					<Add directory="../../../extlibs/imgui-1.76/examples" />
					<Add directory="../../../extlibs/tinygltf" />
					<Add directory="../../../extlibs/stb_image" />
				</Compiler>
				<Linker>
					<Add option="-s" />
					<Add option="-m64" />
					<Add library="ZBE_x64" />
					<Add library="SDL2main" />
					<Add library="SDL2" />
					<Add library="SDL2_image" />
					<Add library="SDL2_ttf" />
					<Add library="SDL2_net" />
					<Add library="GL" />
					<Add library="GLEW" />
					<Add library="OpenGL" />
					<Add library="openal" />
					<Add directory="../../../lib" />
					<Add directory="../../../extlibs/SDL2/2.0.8/linux64/lib" />
					<Add directory="../../../extlibs/SDL2_image/2.0.0/x86_64-linux-gcc/lib" />
					<Add directory="../../../extlibs/SDL2_ttf/2.0.12/x86_64-linux-gcc/lib" />
					<Add directory="../../../extlibs/SDL2_net/2.0.1/linux/lib" />
					<Add directory="../../../extlibs/GLEW/2.1.0/linux/lib" />
				</Linker>
			</Target>
		</Build>
		<Compiler>
			<Add option="-Wall" />
			<Add directory="../../../extlibs/tinygltf" />
			<Add directory="../../../extlibs/stb_image" />
		</Compiler>
		<Linker>
			<Add directory="../../../extlibs/GLEW/2.1.0/linux/lib" />
		</Linker>
		<Unit filename="../../../src/ZandBokz/include/ZandBokzFactories.h" />
		<Unit filename="../../../src/ZandBokz/include/ZandBokzInteractionSystem.h" />
		<Unit filename="../../../src/ZandBokz/include/zandbokz.h" />
		<Unit filename="../../../src/ZandBokz/src/zandbokz.cpp" />
		<Extensions>
			<code_completion />
			<debugger />
		</Extensions>
	</Project>
</CodeBlocks_project_file>
